// !$*UTF8*$!
{
	archiveVersion = 1;
	classes = {
	};
	objectVersion = 50;
	objects = {

/* Begin PBXBuildFile section */
		4CBD53D821BF55F5008E1838 /* AppDelegate.swift in Sources */ = {isa = PBXBuildFile; fileRef = 4CBD53D721BF55F5008E1838 /* AppDelegate.swift */; };
		4CBD53DA21BF55F5008E1838 /* ViewController.swift in Sources */ = {isa = PBXBuildFile; fileRef = 4CBD53D921BF55F5008E1838 /* ViewController.swift */; };
		4CBD53DD21BF55F5008E1838 /* Main.storyboard in Resources */ = {isa = PBXBuildFile; fileRef = 4CBD53DB21BF55F5008E1838 /* Main.storyboard */; };
		4CBD53E021BF55F5008E1838 /* MoviesWhishList.xcdatamodeld in Sources */ = {isa = PBXBuildFile; fileRef = 4CBD53DE21BF55F5008E1838 /* MoviesWhishList.xcdatamodeld */; };
		4CBD53E221BF55F6008E1838 /* Assets.xcassets in Resources */ = {isa = PBXBuildFile; fileRef = 4CBD53E121BF55F6008E1838 /* Assets.xcassets */; };
		4CBD53E521BF55F6008E1838 /* LaunchScreen.storyboard in Resources */ = {isa = PBXBuildFile; fileRef = 4CBD53E321BF55F6008E1838 /* LaunchScreen.storyboard */; };
		4CBD53F021BF55F6008E1838 /* MoviesWhishListTests.swift in Sources */ = {isa = PBXBuildFile; fileRef = 4CBD53EF21BF55F6008E1838 /* MoviesWhishListTests.swift */; };
		4CBD53FB21BF55F6008E1838 /* MoviesWhishListUITests.swift in Sources */ = {isa = PBXBuildFile; fileRef = 4CBD53FA21BF55F6008E1838 /* MoviesWhishListUITests.swift */; };
/* End PBXBuildFile section */

/* Begin PBXContainerItemProxy section */
		4CBD53EC21BF55F6008E1838 /* PBXContainerItemProxy */ = {
			isa = PBXContainerItemProxy;
			containerPortal = 4CBD53CC21BF55F5008E1838 /* Project object */;
			proxyType = 1;
			remoteGlobalIDString = 4CBD53D321BF55F5008E1838;
			remoteInfo = MoviesWhishList;
		};
		4CBD53F721BF55F6008E1838 /* PBXContainerItemProxy */ = {
			isa = PBXContainerItemProxy;
			containerPortal = 4CBD53CC21BF55F5008E1838 /* Project object */;
			proxyType = 1;
			remoteGlobalIDString = 4CBD53D321BF55F5008E1838;
			remoteInfo = MoviesWhishList;
		};
/* End PBXContainerItemProxy section */

/* Begin PBXFileReference section */
		4CBD53D421BF55F5008E1838 /* MoviesWhishList.app */ = {isa = PBXFileReference; explicitFileType = wrapper.application; includeInIndex = 0; path = MoviesWhishList.app; sourceTree = BUILT_PRODUCTS_DIR; };
		4CBD53D721BF55F5008E1838 /* AppDelegate.swift */ = {isa = PBXFileReference; lastKnownFileType = sourcecode.swift; path = AppDelegate.swift; sourceTree = "<group>"; };
		4CBD53D921BF55F5008E1838 /* ViewController.swift */ = {isa = PBXFileReference; lastKnownFileType = sourcecode.swift; path = ViewController.swift; sourceTree = "<group>"; };
		4CBD53DC21BF55F5008E1838 /* Base */ = {isa = PBXFileReference; lastKnownFileType = file.storyboard; name = Base; path = Base.lproj/Main.storyboard; sourceTree = "<group>"; };
		4CBD53DF21BF55F5008E1838 /* MoviesWhishList.xcdatamodel */ = {isa = PBXFileReference; lastKnownFileType = wrapper.xcdatamodel; path = MoviesWhishList.xcdatamodel; sourceTree = "<group>"; };
		4CBD53E121BF55F6008E1838 /* Assets.xcassets */ = {isa = PBXFileReference; lastKnownFileType = folder.assetcatalog; path = Assets.xcassets; sourceTree = "<group>"; };
		4CBD53E421BF55F6008E1838 /* Base */ = {isa = PBXFileReference; lastKnownFileType = file.storyboard; name = Base; path = Base.lproj/LaunchScreen.storyboard; sourceTree = "<group>"; };
		4CBD53E621BF55F6008E1838 /* Info.plist */ = {isa = PBXFileReference; lastKnownFileType = text.plist.xml; path = Info.plist; sourceTree = "<group>"; };
		4CBD53EB21BF55F6008E1838 /* MoviesWhishListTests.xctest */ = {isa = PBXFileReference; explicitFileType = wrapper.cfbundle; includeInIndex = 0; path = MoviesWhishListTests.xctest; sourceTree = BUILT_PRODUCTS_DIR; };
		4CBD53EF21BF55F6008E1838 /* MoviesWhishListTests.swift */ = {isa = PBXFileReference; lastKnownFileType = sourcecode.swift; path = MoviesWhishListTests.swift; sourceTree = "<group>"; };
		4CBD53F121BF55F6008E1838 /* Info.plist */ = {isa = PBXFileReference; lastKnownFileType = text.plist.xml; path = Info.plist; sourceTree = "<group>"; };
		4CBD53F621BF55F6008E1838 /* MoviesWhishListUITests.xctest */ = {isa = PBXFileReference; explicitFileType = wrapper.cfbundle; includeInIndex = 0; path = MoviesWhishListUITests.xctest; sourceTree = BUILT_PRODUCTS_DIR; };
		4CBD53FA21BF55F6008E1838 /* MoviesWhishListUITests.swift */ = {isa = PBXFileReference; lastKnownFileType = sourcecode.swift; path = MoviesWhishListUITests.swift; sourceTree = "<group>"; };
		4CBD53FC21BF55F6008E1838 /* Info.plist */ = {isa = PBXFileReference; lastKnownFileType = text.plist.xml; path = Info.plist; sourceTree = "<group>"; };
/* End PBXFileReference section */

/* Begin PBXFrameworksBuildPhase section */
		4CBD53D121BF55F5008E1838 /* Frameworks */ = {
			isa = PBXFrameworksBuildPhase;
			buildActionMask = 2147483647;
			files = (
			);
			runOnlyForDeploymentPostprocessing = 0;
		};
		4CBD53E821BF55F6008E1838 /* Frameworks */ = {
			isa = PBXFrameworksBuildPhase;
			buildActionMask = 2147483647;
			files = (
			);
			runOnlyForDeploymentPostprocessing = 0;
		};
		4CBD53F321BF55F6008E1838 /* Frameworks */ = {
			isa = PBXFrameworksBuildPhase;
			buildActionMask = 2147483647;
			files = (
			);
			runOnlyForDeploymentPostprocessing = 0;
		};
/* End PBXFrameworksBuildPhase section */

/* Begin PBXGroup section */
		4CBD53CB21BF55F5008E1838 = {
			isa = PBXGroup;
			children = (
				4CBD53D621BF55F5008E1838 /* MoviesWhishList */,
				4CBD53EE21BF55F6008E1838 /* MoviesWhishListTests */,
				4CBD53F921BF55F6008E1838 /* MoviesWhishListUITests */,
				4CBD53D521BF55F5008E1838 /* Products */,
			);
			sourceTree = "<group>";
		};
		4CBD53D521BF55F5008E1838 /* Products */ = {
			isa = PBXGroup;
			children = (
				4CBD53D421BF55F5008E1838 /* MoviesWhishList.app */,
				4CBD53EB21BF55F6008E1838 /* MoviesWhishListTests.xctest */,
				4CBD53F621BF55F6008E1838 /* MoviesWhishListUITests.xctest */,
			);
			name = Products;
			sourceTree = "<group>";
		};
		4CBD53D621BF55F5008E1838 /* MoviesWhishList */ = {
			isa = PBXGroup;
			children = (
				4CBD53D721BF55F5008E1838 /* AppDelegate.swift */,
				4CBD53D921BF55F5008E1838 /* ViewController.swift */,
				4CBD53DB21BF55F5008E1838 /* Main.storyboard */,
				4CBD53E121BF55F6008E1838 /* Assets.xcassets */,
				4CBD53E321BF55F6008E1838 /* LaunchScreen.storyboard */,
				4CBD53E621BF55F6008E1838 /* Info.plist */,
				4CBD53DE21BF55F5008E1838 /* MoviesWhishList.xcdatamodeld */,
			);
			path = MoviesWhishList;
			sourceTree = "<group>";
		};
		4CBD53EE21BF55F6008E1838 /* MoviesWhishListTests */ = {
			isa = PBXGroup;
			children = (
				4CBD53EF21BF55F6008E1838 /* MoviesWhishListTests.swift */,
				4CBD53F121BF55F6008E1838 /* Info.plist */,
			);
			path = MoviesWhishListTests;
			sourceTree = "<group>";
		};
		4CBD53F921BF55F6008E1838 /* MoviesWhishListUITests */ = {
			isa = PBXGroup;
			children = (
				4CBD53FA21BF55F6008E1838 /* MoviesWhishListUITests.swift */,
				4CBD53FC21BF55F6008E1838 /* Info.plist */,
			);
			path = MoviesWhishListUITests;
			sourceTree = "<group>";
		};
/* End PBXGroup section */

/* Begin PBXNativeTarget section */
		4CBD53D321BF55F5008E1838 /* MoviesWhishList */ = {
			isa = PBXNativeTarget;
			buildConfigurationList = 4CBD53FF21BF55F6008E1838 /* Build configuration list for PBXNativeTarget "MoviesWhishList" */;
			buildPhases = (
				4CBD53D021BF55F5008E1838 /* Sources */,
				4CBD53D121BF55F5008E1838 /* Frameworks */,
				4CBD53D221BF55F5008E1838 /* Resources */,
			);
			buildRules = (
			);
			dependencies = (
			);
			name = MoviesWhishList;
			productName = MoviesWhishList;
			productReference = 4CBD53D421BF55F5008E1838 /* MoviesWhishList.app */;
			productType = "com.apple.product-type.application";
		};
		4CBD53EA21BF55F6008E1838 /* MoviesWhishListTests */ = {
			isa = PBXNativeTarget;
			buildConfigurationList = 4CBD540221BF55F6008E1838 /* Build configuration list for PBXNativeTarget "MoviesWhishListTests" */;
			buildPhases = (
				4CBD53E721BF55F6008E1838 /* Sources */,
				4CBD53E821BF55F6008E1838 /* Frameworks */,
				4CBD53E921BF55F6008E1838 /* Resources */,
			);
			buildRules = (
			);
			dependencies = (
				4CBD53ED21BF55F6008E1838 /* PBXTargetDependency */,
			);
			name = MoviesWhishListTests;
			productName = MoviesWhishListTests;
			productReference = 4CBD53EB21BF55F6008E1838 /* MoviesWhishListTests.xctest */;
			productType = "com.apple.product-type.bundle.unit-test";
		};
		4CBD53F521BF55F6008E1838 /* MoviesWhishListUITests */ = {
			isa = PBXNativeTarget;
			buildConfigurationList = 4CBD540521BF55F6008E1838 /* Build configuration list for PBXNativeTarget "MoviesWhishListUITests" */;
			buildPhases = (
				4CBD53F221BF55F6008E1838 /* Sources */,
				4CBD53F321BF55F6008E1838 /* Frameworks */,
				4CBD53F421BF55F6008E1838 /* Resources */,
			);
			buildRules = (
			);
			dependencies = (
				4CBD53F821BF55F6008E1838 /* PBXTargetDependency */,
			);
			name = MoviesWhishListUITests;
			productName = MoviesWhishListUITests;
			productReference = 4CBD53F621BF55F6008E1838 /* MoviesWhishListUITests.xctest */;
			productType = "com.apple.product-type.bundle.ui-testing";
		};
/* End PBXNativeTarget section */

/* Begin PBXProject section */
		4CBD53CC21BF55F5008E1838 /* Project object */ = {
			isa = PBXProject;
			attributes = {
				LastSwiftUpdateCheck = 1010;
				LastUpgradeCheck = 1010;
				ORGANIZATIONNAME = Jovan;
				TargetAttributes = {
					4CBD53D321BF55F5008E1838 = {
						CreatedOnToolsVersion = 10.1;
					};
					4CBD53EA21BF55F6008E1838 = {
						CreatedOnToolsVersion = 10.1;
						TestTargetID = 4CBD53D321BF55F5008E1838;
					};
					4CBD53F521BF55F6008E1838 = {
						CreatedOnToolsVersion = 10.1;
						TestTargetID = 4CBD53D321BF55F5008E1838;
					};
				};
			};
			buildConfigurationList = 4CBD53CF21BF55F5008E1838 /* Build configuration list for PBXProject "MoviesWhishList" */;
			compatibilityVersion = "Xcode 9.3";
			developmentRegion = en;
			hasScannedForEncodings = 0;
			knownRegions = (
				en,
				Base,
			);
			mainGroup = 4CBD53CB21BF55F5008E1838;
			productRefGroup = 4CBD53D521BF55F5008E1838 /* Products */;
			projectDirPath = "";
			projectRoot = "";
			targets = (
				4CBD53D321BF55F5008E1838 /* MoviesWhishList */,
				4CBD53EA21BF55F6008E1838 /* MoviesWhishListTests */,
				4CBD53F521BF55F6008E1838 /* MoviesWhishListUITests */,
			);
		};
/* End PBXProject section */

/* Begin PBXResourcesBuildPhase section */
		4CBD53D221BF55F5008E1838 /* Resources */ = {
			isa = PBXResourcesBuildPhase;
			buildActionMask = 2147483647;
			files = (
				4CBD53E521BF55F6008E1838 /* LaunchScreen.storyboard in Resources */,
				4CBD53E221BF55F6008E1838 /* Assets.xcassets in Resources */,
				4CBD53DD21BF55F5008E1838 /* Main.storyboard in Resources */,
			);
			runOnlyForDeploymentPostprocessing = 0;
		};
		4CBD53E921BF55F6008E1838 /* Resources */ = {
			isa = PBXResourcesBuildPhase;
			buildActionMask = 2147483647;
			files = (
			);
			runOnlyForDeploymentPostprocessing = 0;
		};
		4CBD53F421BF55F6008E1838 /* Resources */ = {
			isa = PBXResourcesBuildPhase;
			buildActionMask = 2147483647;
			files = (
			);
			runOnlyForDeploymentPostprocessing = 0;
		};
/* End PBXResourcesBuildPhase section */

/* Begin PBXSourcesBuildPhase section */
		4CBD53D021BF55F5008E1838 /* Sources */ = {
			isa = PBXSourcesBuildPhase;
			buildActionMask = 2147483647;
			files = (
				4CBD53DA21BF55F5008E1838 /* ViewController.swift in Sources */,
				4CBD53E021BF55F5008E1838 /* MoviesWhishList.xcdatamodeld in Sources */,
				4CBD53D821BF55F5008E1838 /* AppDelegate.swift in Sources */,
			);
			runOnlyForDeploymentPostprocessing = 0;
		};
		4CBD53E721BF55F6008E1838 /* Sources */ = {
			isa = PBXSourcesBuildPhase;
			buildActionMask = 2147483647;
			files = (
				4CBD53F021BF55F6008E1838 /* MoviesWhishListTests.swift in Sources */,
			);
			runOnlyForDeploymentPostprocessing = 0;
		};
		4CBD53F221BF55F6008E1838 /* Sources */ = {
			isa = PBXSourcesBuildPhase;
			buildActionMask = 2147483647;
			files = (
				4CBD53FB21BF55F6008E1838 /* MoviesWhishListUITests.swift in Sources */,
			);
			runOnlyForDeploymentPostprocessing = 0;
		};
/* End PBXSourcesBuildPhase section */

/* Begin PBXTargetDependency section */
		4CBD53ED21BF55F6008E1838 /* PBXTargetDependency */ = {
			isa = PBXTargetDependency;
			target = 4CBD53D321BF55F5008E1838 /* MoviesWhishList */;
			targetProxy = 4CBD53EC21BF55F6008E1838 /* PBXContainerItemProxy */;
		};
		4CBD53F821BF55F6008E1838 /* PBXTargetDependency */ = {
			isa = PBXTargetDependency;
			target = 4CBD53D321BF55F5008E1838 /* MoviesWhishList */;
			targetProxy = 4CBD53F721BF55F6008E1838 /* PBXContainerItemProxy */;
		};
/* End PBXTargetDependency section */

/* Begin PBXVariantGroup section */
		4CBD53DB21BF55F5008E1838 /* Main.storyboard */ = {
			isa = PBXVariantGroup;
			children = (
				4CBD53DC21BF55F5008E1838 /* Base */,
			);
			name = Main.storyboard;
			sourceTree = "<group>";
		};
		4CBD53E321BF55F6008E1838 /* LaunchScreen.storyboard */ = {
			isa = PBXVariantGroup;
			children = (
				4CBD53E421BF55F6008E1838 /* Base */,
			);
			name = LaunchScreen.storyboard;
			sourceTree = "<group>";
		};
/* End PBXVariantGroup section */

/* Begin XCBuildConfiguration section */
		4CBD53FD21BF55F6008E1838 /* Debug */ = {
			isa = XCBuildConfiguration;
			buildSettings = {
				ALWAYS_SEARCH_USER_PATHS = NO;
				CLANG_ANALYZER_NONNULL = YES;
				CLANG_ANALYZER_NUMBER_OBJECT_CONVERSION = YES_AGGRESSIVE;
				CLANG_CXX_LANGUAGE_STANDARD = "gnu++14";
				CLANG_CXX_LIBRARY = "libc++";
				CLANG_ENABLE_MODULES = YES;
				CLANG_ENABLE_OBJC_ARC = YES;
				CLANG_ENABLE_OBJC_WEAK = YES;
				CLANG_WARN_BLOCK_CAPTURE_AUTORELEASING = YES;
				CLANG_WARN_BOOL_CONVERSION = YES;
				CLANG_WARN_COMMA = YES;
				CLANG_WARN_CONSTANT_CONVERSION = YES;
				CLANG_WARN_DEPRECATED_OBJC_IMPLEMENTATIONS = YES;
				CLANG_WARN_DIRECT_OBJC_ISA_USAGE = YES_ERROR;
				CLANG_WARN_DOCUMENTATION_COMMENTS = YES;
				CLANG_WARN_EMPTY_BODY = YES;
				CLANG_WARN_ENUM_CONVERSION = YES;
				CLANG_WARN_INFINITE_RECURSION = YES;
				CLANG_WARN_INT_CONVERSION = YES;
				CLANG_WARN_NON_LITERAL_NULL_CONVERSION = YES;
				CLANG_WARN_OBJC_IMPLICIT_RETAIN_SELF = YES;
				CLANG_WARN_OBJC_LITERAL_CONVERSION = YES;
				CLANG_WARN_OBJC_ROOT_CLASS = YES_ERROR;
				CLANG_WARN_RANGE_LOOP_ANALYSIS = YES;
				CLANG_WARN_STRICT_PROTOTYPES = YES;
				CLANG_WARN_SUSPICIOUS_MOVE = YES;
				CLANG_WARN_UNGUARDED_AVAILABILITY = YES_AGGRESSIVE;
				CLANG_WARN_UNREACHABLE_CODE = YES;
				CLANG_WARN__DUPLICATE_METHOD_MATCH = YES;
				CODE_SIGN_IDENTITY = "iPhone Developer";
				COPY_PHASE_STRIP = NO;
				DEBUG_INFORMATION_FORMAT = dwarf;
				ENABLE_STRICT_OBJC_MSGSEND = YES;
				ENABLE_TESTABILITY = YES;
				GCC_C_LANGUAGE_STANDARD = gnu11;
				GCC_DYNAMIC_NO_PIC = NO;
				GCC_NO_COMMON_BLOCKS = YES;
				GCC_OPTIMIZATION_LEVEL = 0;
				GCC_PREPROCESSOR_DEFINITIONS = (
					"DEBUG=1",
					"$(inherited)",
				);
				GCC_WARN_64_TO_32_BIT_CONVERSION = YES;
				GCC_WARN_ABOUT_RETURN_TYPE = YES_ERROR;
				GCC_WARN_UNDECLARED_SELECTOR = YES;
				GCC_WARN_UNINITIALIZED_AUTOS = YES_AGGRESSIVE;
				GCC_WARN_UNUSED_FUNCTION = YES;
				GCC_WARN_UNUSED_VARIABLE = YES;
				IPHONEOS_DEPLOYMENT_TARGET = 12.1;
				MTL_ENABLE_DEBUG_INFO = INCLUDE_SOURCE;
				MTL_FAST_MATH = YES;
				ONLY_ACTIVE_ARCH = YES;
				SDKROOT = iphoneos;
				SWIFT_ACTIVE_COMPILATION_CONDITIONS = DEBUG;
				SWIFT_OPTIMIZATION_LEVEL = "-Onone";
			};
			name = Debug;
		};
		4CBD53FE21BF55F6008E1838 /* Release */ = {
			isa = XCBuildConfiguration;
			buildSettings = {
				ALWAYS_SEARCH_USER_PATHS = NO;
				CLANG_ANALYZER_NONNULL = YES;
				CLANG_ANALYZER_NUMBER_OBJECT_CONVERSION = YES_AGGRESSIVE;
				CLANG_CXX_LANGUAGE_STANDARD = "gnu++14";
				CLANG_CXX_LIBRARY = "libc++";
				CLANG_ENABLE_MODULES = YES;
				CLANG_ENABLE_OBJC_ARC = YES;
				CLANG_ENABLE_OBJC_WEAK = YES;
				CLANG_WARN_BLOCK_CAPTURE_AUTORELEASING = YES;
				CLANG_WARN_BOOL_CONVERSION = YES;
				CLANG_WARN_COMMA = YES;
				CLANG_WARN_CONSTANT_CONVERSION = YES;
				CLANG_WARN_DEPRECATED_OBJC_IMPLEMENTATIONS = YES;
				CLANG_WARN_DIRECT_OBJC_ISA_USAGE = YES_ERROR;
				CLANG_WARN_DOCUMENTATION_COMMENTS = YES;
				CLANG_WARN_EMPTY_BODY = YES;
				CLANG_WARN_ENUM_CONVERSION = YES;
				CLANG_WARN_INFINITE_RECURSION = YES;
				CLANG_WARN_INT_CONVERSION = YES;
				CLANG_WARN_NON_LITERAL_NULL_CONVERSION = YES;
				CLANG_WARN_OBJC_IMPLICIT_RETAIN_SELF = YES;
				CLANG_WARN_OBJC_LITERAL_CONVERSION = YES;
				CLANG_WARN_OBJC_ROOT_CLASS = YES_ERROR;
				CLANG_WARN_RANGE_LOOP_ANALYSIS = YES;
				CLANG_WARN_STRICT_PROTOTYPES = YES;
				CLANG_WARN_SUSPICIOUS_MOVE = YES;
				CLANG_WARN_UNGUARDED_AVAILABILITY = YES_AGGRESSIVE;
				CLANG_WARN_UNREACHABLE_CODE = YES;
				CLANG_WARN__DUPLICATE_METHOD_MATCH = YES;
				CODE_SIGN_IDENTITY = "iPhone Developer";
				COPY_PHASE_STRIP = NO;
				DEBUG_INFORMATION_FORMAT = "dwarf-with-dsym";
				ENABLE_NS_ASSERTIONS = NO;
				ENABLE_STRICT_OBJC_MSGSEND = YES;
				GCC_C_LANGUAGE_STANDARD = gnu11;
				GCC_NO_COMMON_BLOCKS = YES;
				GCC_WARN_64_TO_32_BIT_CONVERSION = YES;
				GCC_WARN_ABOUT_RETURN_TYPE = YES_ERROR;
				GCC_WARN_UNDECLARED_SELECTOR = YES;
				GCC_WARN_UNINITIALIZED_AUTOS = YES_AGGRESSIVE;
				GCC_WARN_UNUSED_FUNCTION = YES;
				GCC_WARN_UNUSED_VARIABLE = YES;
				IPHONEOS_DEPLOYMENT_TARGET = 12.1;
				MTL_ENABLE_DEBUG_INFO = NO;
				MTL_FAST_MATH = YES;
				SDKROOT = iphoneos;
				SWIFT_COMPILATION_MODE = wholemodule;
				SWIFT_OPTIMIZATION_LEVEL = "-O";
				VALIDATE_PRODUCT = YES;
			};
			name = Release;
		};
		4CBD540021BF55F6008E1838 /* Debug */ = {
			isa = XCBuildConfiguration;
			buildSettings = {
				ASSETCATALOG_COMPILER_APPICON_NAME = AppIcon;
				CODE_SIGN_STYLE = Automatic;
				DEVELOPMENT_TEAM = JRAA974GYG;
				INFOPLIST_FILE = MoviesWhishList/Info.plist;
				LD_RUNPATH_SEARCH_PATHS = (
					"$(inherited)",
					"@executable_path/Frameworks",
				);
				PRODUCT_BUNDLE_IDENTIFIER = br.com.jovanfernandes.MoviesWhishList;
				PRODUCT_NAME = "$(TARGET_NAME)";
				SWIFT_VERSION = 4.2;
				TARGETED_DEVICE_FAMILY = "1,2";
			};
			name = Debug;
		};
		4CBD540121BF55F6008E1838 /* Release */ = {
			isa = XCBuildConfiguration;
			buildSettings = {
				ASSETCATALOG_COMPILER_APPICON_NAME = AppIcon;
				CODE_SIGN_STYLE = Automatic;
				DEVELOPMENT_TEAM = JRAA974GYG;
				INFOPLIST_FILE = MoviesWhishList/Info.plist;
				LD_RUNPATH_SEARCH_PATHS = (
					"$(inherited)",
					"@executable_path/Frameworks",
				);
				PRODUCT_BUNDLE_IDENTIFIER = br.com.jovanfernandes.MoviesWhishList;
				PRODUCT_NAME = "$(TARGET_NAME)";
				SWIFT_VERSION = 4.2;
				TARGETED_DEVICE_FAMILY = "1,2";
			};
			name = Release;
		};
		4CBD540321BF55F6008E1838 /* Debug */ = {
			isa = XCBuildConfiguration;
			buildSettings = {
				ALWAYS_EMBED_SWIFT_STANDARD_LIBRARIES = YES;
				BUNDLE_LOADER = "$(TEST_HOST)";
				CODE_SIGN_STYLE = Automatic;
				DEVELOPMENT_TEAM = JRAA974GYG;
				INFOPLIST_FILE = MoviesWhishListTests/Info.plist;
				LD_RUNPATH_SEARCH_PATHS = (
					"$(inherited)",
					"@executable_path/Frameworks",
					"@loader_path/Frameworks",
				);
				PRODUCT_BUNDLE_IDENTIFIER = br.com.jovanfernandes.MoviesWhishListTests;
				PRODUCT_NAME = "$(TARGET_NAME)";
				SWIFT_VERSION = 4.2;
				TARGETED_DEVICE_FAMILY = "1,2";
				TEST_HOST = "$(BUILT_PRODUCTS_DIR)/MoviesWhishList.app/MoviesWhishList";
			};
			name = Debug;
		};
		4CBD540421BF55F6008E1838 /* Release */ = {
			isa = XCBuildConfiguration;
			buildSettings = {
				ALWAYS_EMBED_SWIFT_STANDARD_LIBRARIES = YES;
				BUNDLE_LOADER = "$(TEST_HOST)";
				CODE_SIGN_STYLE = Automatic;
				DEVELOPMENT_TEAM = JRAA974GYG;
				INFOPLIST_FILE = MoviesWhishListTests/Info.plist;
				LD_RUNPATH_SEARCH_PATHS = (
					"$(inherited)",
					"@executable_path/Frameworks",
					"@loader_path/Frameworks",
				);
				PRODUCT_BUNDLE_IDENTIFIER = br.com.jovanfernandes.MoviesWhishListTests;
				PRODUCT_NAME = "$(TARGET_NAME)";
				SWIFT_VERSION = 4.2;
				TARGETED_DEVICE_FAMILY = "1,2";
				TEST_HOST = "$(BUILT_PRODUCTS_DIR)/MoviesWhishList.app/MoviesWhishList";
			};
			name = Release;
		};
		4CBD540621BF55F6008E1838 /* Debug */ = {
			isa = XCBuildConfiguration;
			buildSettings = {
				ALWAYS_EMBED_SWIFT_STANDARD_LIBRARIES = YES;
				CODE_SIGN_STYLE = Automatic;
				DEVELOPMENT_TEAM = JRAA974GYG;
				INFOPLIST_FILE = MoviesWhishListUITests/Info.plist;
				LD_RUNPATH_SEARCH_PATHS = (
					"$(inherited)",
					"@executable_path/Frameworks",
					"@loader_path/Frameworks",
				);
				PRODUCT_BUNDLE_IDENTIFIER = br.com.jovanfernandes.MoviesWhishListUITests;
				PRODUCT_NAME = "$(TARGET_NAME)";
				SWIFT_VERSION = 4.2;
				TARGETED_DEVICE_FAMILY = "1,2";
				TEST_TARGET_NAME = MoviesWhishList;
			};
			name = Debug;
		};
		4CBD540721BF55F6008E1838 /* Release */ = {
			isa = XCBuildConfiguration;
			buildSettings = {
				ALWAYS_EMBED_SWIFT_STANDARD_LIBRARIES = YES;
				CODE_SIGN_STYLE = Automatic;
				DEVELOPMENT_TEAM = JRAA974GYG;
				INFOPLIST_FILE = MoviesWhishListUITests/Info.plist;
				LD_RUNPATH_SEARCH_PATHS = (
					"$(inherited)",
					"@executable_path/Frameworks",
					"@loader_path/Frameworks",
				);
				PRODUCT_BUNDLE_IDENTIFIER = br.com.jovanfernandes.MoviesWhishListUITests;
				PRODUCT_NAME = "$(TARGET_NAME)";
				SWIFT_VERSION = 4.2;
				TARGETED_DEVICE_FAMILY = "1,2";
				TEST_TARGET_NAME = MoviesWhishList;
			};
			name = Release;
		};
/* End XCBuildConfiguration section */

/* Begin XCConfigurationList section */
		4CBD53CF21BF55F5008E1838 /* Build configuration list for PBXProject "MoviesWhishList" */ = {
			isa = XCConfigurationList;
			buildConfigurations = (
				4CBD53FD21BF55F6008E1838 /* Debug */,
				4CBD53FE21BF55F6008E1838 /* Release */,
			);
			defaultConfigurationIsVisible = 0;
			defaultConfigurationName = Release;
		};
		4CBD53FF21BF55F6008E1838 /* Build configuration list for PBXNativeTarget "MoviesWhishList" */ = {
			isa = XCConfigurationList;
			buildConfigurations = (
				4CBD540021BF55F6008E1838 /* Debug */,
				4CBD540121BF55F6008E1838 /* Release */,
			);
			defaultConfigurationIsVisible = 0;
			defaultConfigurationName = Release;
		};
		4CBD540221BF55F6008E1838 /* Build configuration list for PBXNativeTarget "MoviesWhishListTests" */ = {
			isa = XCConfigurationList;
			buildConfigurations = (
				4CBD540321BF55F6008E1838 /* Debug */,
				4CBD540421BF55F6008E1838 /* Release */,
			);
			defaultConfigurationIsVisible = 0;
			defaultConfigurationName = Release;
		};
		4CBD540521BF55F6008E1838 /* Build configuration list for PBXNativeTarget "MoviesWhishListUITests" */ = {
			isa = XCConfigurationList;
			buildConfigurations = (
				4CBD540621BF55F6008E1838 /* Debug */,
				4CBD540721BF55F6008E1838 /* Release */,
			);
			defaultConfigurationIsVisible = 0;
			defaultConfigurationName = Release;
		};
/* End XCConfigurationList section */

/* Begin XCVersionGroup section */
		4CBD53DE21BF55F5008E1838 /* MoviesWhishList.xcdatamodeld */ = {
			isa = XCVersionGroup;
			children = (
				4CBD53DF21BF55F5008E1838 /* MoviesWhishList.xcdatamodel */,
			);
			currentVersion = 4CBD53DF21BF55F5008E1838 /* MoviesWhishList.xcdatamodel */;
			path = MoviesWhishList.xcdatamodeld;
			sourceTree = "<group>";
			versionGroupType = wrapper.xcdatamodel;
		};
/* End XCVersionGroup section */
	};
	rootObject = 4CBD53CC21BF55F5008E1838 /* Project object */;
}
